{
  "nodes": {
    "approxmc": {
      "inputs": {
        "arjun": "arjun",
        "cryptominisat": "cryptominisat_2",
        "nixpkgs": [
          "nixpkgs"
        ],
        "sbva": "sbva_2"
      },
      "locked": {
        "lastModified": 1757961916,
        "narHash": "sha256-hVIKagn/oRBR+OKq5nzcUuETfjNg59O5Hm20FC3s5eY=",
        "owner": "meelgroup",
        "repo": "approxmc",
        "rev": "56042dc9002dee312bb4be283d2bdf8bc2a67827",
        "type": "github"
      },
      "original": {
        "owner": "meelgroup",
        "repo": "approxmc",
        "rev": "56042dc9002dee312bb4be283d2bdf8bc2a67827",
        "type": "github"
      }
    },
    "approxmc_2": {
      "inputs": {
        "arjun": "arjun_3",
        "cryptominisat": "cryptominisat_6",
        "nixpkgs": [
          "ganak",
          "nixpkgs"
        ],
        "sbva": "sbva_5"
      },
      "locked": {
        "lastModified": 1757924913,
        "narHash": "sha256-HXSIGhwj6IV88by8KVHYFcG/bXKPfR2UlljOLO9hHbE=",
        "owner": "meelgroup",
        "repo": "approxmc",
        "rev": "8ed7d95ce7606eced517dab59474fd92e992afe2",
        "type": "github"
      },
      "original": {
        "owner": "meelgroup",
        "ref": "master",
        "repo": "approxmc",
        "type": "github"
      }
    },
    "arjun": {
      "inputs": {
        "cadiback": "cadiback",
        "cadical": "cadical_2",
        "cryptominisat": "cryptominisat",
        "nixpkgs": [
          "approxmc",
          "nixpkgs"
        ],
        "sbva": "sbva"
      },
      "locked": {
        "lastModified": 1757923357,
        "narHash": "sha256-E9RSoIkHaoRx0xDHCF19ObkPB90zq9Re++KK2L8Nhhk=",
        "owner": "meelgroup",
        "repo": "arjun",
        "rev": "4b42be4bb239e2771026b9dfb658ffc0f0371e94",
        "type": "github"
      },
      "original": {
        "owner": "meelgroup",
        "ref": "master",
        "repo": "arjun",
        "type": "github"
      }
    },
    "arjun_2": {
      "inputs": {
        "cadiback": "cadiback_4",
        "cadical": "cadical_8",
        "cryptominisat": "cryptominisat_3",
        "nixpkgs": [
          "nixpkgs"
        ],
        "sbva": "sbva_3"
      },
      "locked": {
        "lastModified": 1757961892,
        "narHash": "sha256-+pxFSnEehHsEmLxbzZSOOkuuZz6hmBM/UKAD5a57xL4=",
        "owner": "meelgroup",
        "repo": "arjun",
        "rev": "58ec9aff687c9adcd6a26f158a947c07794e43f6",
        "type": "github"
      },
      "original": {
        "owner": "meelgroup",
        "repo": "arjun",
        "rev": "58ec9aff687c9adcd6a26f158a947c07794e43f6",
        "type": "github"
      }
    },
    "arjun_3": {
      "inputs": {
        "cadiback": "cadiback_7",
        "cadical": "cadical_14",
        "cryptominisat": "cryptominisat_5",
        "nixpkgs": [
          "ganak",
          "approxmc",
          "nixpkgs"
        ],
        "sbva": "sbva_4"
      },
      "locked": {
        "lastModified": 1757923357,
        "narHash": "sha256-E9RSoIkHaoRx0xDHCF19ObkPB90zq9Re++KK2L8Nhhk=",
        "owner": "meelgroup",
        "repo": "arjun",
        "rev": "4b42be4bb239e2771026b9dfb658ffc0f0371e94",
        "type": "github"
      },
      "original": {
        "owner": "meelgroup",
        "ref": "master",
        "repo": "arjun",
        "type": "github"
      }
    },
    "arjun_4": {
      "inputs": {
        "cadiback": "cadiback_10",
        "cadical": "cadical_20",
        "cryptominisat": "cryptominisat_7",
        "nixpkgs": [
          "ganak",
          "nixpkgs"
        ],
        "sbva": "sbva_6"
      },
      "locked": {
        "lastModified": 1757923357,
        "narHash": "sha256-E9RSoIkHaoRx0xDHCF19ObkPB90zq9Re++KK2L8Nhhk=",
        "owner": "meelgroup",
        "repo": "arjun",
        "rev": "4b42be4bb239e2771026b9dfb658ffc0f0371e94",
        "type": "github"
      },
      "original": {
        "owner": "meelgroup",
        "ref": "master",
        "repo": "arjun",
        "type": "github"
      }
    },
    "breakid": {
      "inputs": {
        "nixpkgs": [
          "nixpkgs"
        ]
      },
      "locked": {
        "lastModified": 1750282170,
        "narHash": "sha256-OtZ9Gvv1jkP4BJPwkCc7wVwGXt3jucMhn+AMr9mTqTo=",
        "owner": "meelgroup",
        "repo": "breakid",
        "rev": "dee9744b7041cec373aa0489128b06a40fce43a1",
        "type": "github"
      },
      "original": {
        "owner": "meelgroup",
        "repo": "breakid",
        "rev": "dee9744b7041cec373aa0489128b06a40fce43a1",
        "type": "github"
      }
    },
    "breakid_2": {
      "inputs": {
        "nixpkgs": [
          "ganak",
          "nixpkgs"
        ]
      },
      "locked": {
        "lastModified": 1750282170,
        "narHash": "sha256-OtZ9Gvv1jkP4BJPwkCc7wVwGXt3jucMhn+AMr9mTqTo=",
        "owner": "meelgroup",
        "repo": "breakid",
        "rev": "dee9744b7041cec373aa0489128b06a40fce43a1",
        "type": "github"
      },
      "original": {
        "owner": "meelgroup",
        "ref": "master",
        "repo": "breakid",
        "type": "github"
      }
    },
    "cadiback": {
      "inputs": {
        "cadical": "cadical",
        "nixpkgs": [
          "approxmc",
          "arjun",
          "nixpkgs"
        ]
      },
      "locked": {
        "lastModified": 1757922460,
        "narHash": "sha256-sRN+pI9poTlpSdvZf2L3CBLxuC5ZLjQ+J5m3bUQG83M=",
        "owner": "meelgroup",
        "repo": "cadiback",
        "rev": "cb090f5bf43c753634ab6b00922a466cf4e7af1b",
        "type": "github"
      },
      "original": {
        "owner": "meelgroup",
        "ref": "synthesis",
        "repo": "cadiback",
        "type": "github"
      }
    },
    "cadiback_10": {
      "inputs": {
        "cadical": "cadical_19",
        "nixpkgs": [
          "ganak",
          "arjun",
          "nixpkgs"
        ]
      },
      "locked": {
        "lastModified": 1757922460,
        "narHash": "sha256-sRN+pI9poTlpSdvZf2L3CBLxuC5ZLjQ+J5m3bUQG83M=",
        "owner": "meelgroup",
        "repo": "cadiback",
        "rev": "cb090f5bf43c753634ab6b00922a466cf4e7af1b",
        "type": "github"
      },
      "original": {
        "owner": "meelgroup",
        "ref": "synthesis",
        "repo": "cadiback",
        "type": "github"
      }
    },
    "cadiback_11": {
      "inputs": {
        "cadical": "cadical_21",
        "nixpkgs": [
          "ganak",
          "arjun",
          "cryptominisat",
          "nixpkgs"
        ]
      },
      "locked": {
        "lastModified": 1757922460,
        "narHash": "sha256-sRN+pI9poTlpSdvZf2L3CBLxuC5ZLjQ+J5m3bUQG83M=",
        "owner": "meelgroup",
        "repo": "cadiback",
        "rev": "cb090f5bf43c753634ab6b00922a466cf4e7af1b",
        "type": "github"
      },
      "original": {
        "owner": "meelgroup",
        "ref": "synthesis",
        "repo": "cadiback",
        "type": "github"
      }
    },
    "cadiback_12": {
      "inputs": {
        "cadical": "cadical_23",
        "nixpkgs": [
          "ganak",
          "cryptominisat",
          "nixpkgs"
        ]
      },
      "locked": {
        "lastModified": 1757922460,
        "narHash": "sha256-sRN+pI9poTlpSdvZf2L3CBLxuC5ZLjQ+J5m3bUQG83M=",
        "owner": "meelgroup",
        "repo": "cadiback",
        "rev": "cb090f5bf43c753634ab6b00922a466cf4e7af1b",
        "type": "github"
      },
      "original": {
        "owner": "meelgroup",
        "ref": "synthesis",
        "repo": "cadiback",
        "type": "github"
      }
    },
    "cadiback_2": {
      "inputs": {
        "cadical": "cadical_3",
        "nixpkgs": [
          "approxmc",
          "arjun",
          "cryptominisat",
          "nixpkgs"
        ]
      },
      "locked": {
        "lastModified": 1757922460,
        "narHash": "sha256-sRN+pI9poTlpSdvZf2L3CBLxuC5ZLjQ+J5m3bUQG83M=",
        "owner": "meelgroup",
        "repo": "cadiback",
        "rev": "cb090f5bf43c753634ab6b00922a466cf4e7af1b",
        "type": "github"
      },
      "original": {
        "owner": "meelgroup",
        "ref": "synthesis",
        "repo": "cadiback",
        "type": "github"
      }
    },
    "cadiback_3": {
      "inputs": {
        "cadical": "cadical_5",
        "nixpkgs": [
          "approxmc",
          "cryptominisat",
          "nixpkgs"
        ]
      },
      "locked": {
        "lastModified": 1757922460,
        "narHash": "sha256-sRN+pI9poTlpSdvZf2L3CBLxuC5ZLjQ+J5m3bUQG83M=",
        "owner": "meelgroup",
        "repo": "cadiback",
        "rev": "cb090f5bf43c753634ab6b00922a466cf4e7af1b",
        "type": "github"
      },
      "original": {
        "owner": "meelgroup",
        "ref": "synthesis",
        "repo": "cadiback",
        "type": "github"
      }
    },
    "cadiback_4": {
      "inputs": {
        "cadical": "cadical_7",
        "nixpkgs": [
          "arjun",
          "nixpkgs"
        ]
      },
      "locked": {
        "lastModified": 1757922460,
        "narHash": "sha256-sRN+pI9poTlpSdvZf2L3CBLxuC5ZLjQ+J5m3bUQG83M=",
        "owner": "meelgroup",
        "repo": "cadiback",
        "rev": "cb090f5bf43c753634ab6b00922a466cf4e7af1b",
        "type": "github"
      },
      "original": {
        "owner": "meelgroup",
        "ref": "synthesis",
        "repo": "cadiback",
        "type": "github"
      }
    },
    "cadiback_5": {
      "inputs": {
        "cadical": "cadical_9",
        "nixpkgs": [
          "arjun",
          "cryptominisat",
          "nixpkgs"
        ]
      },
      "locked": {
        "lastModified": 1757922460,
        "narHash": "sha256-sRN+pI9poTlpSdvZf2L3CBLxuC5ZLjQ+J5m3bUQG83M=",
        "owner": "meelgroup",
        "repo": "cadiback",
        "rev": "cb090f5bf43c753634ab6b00922a466cf4e7af1b",
        "type": "github"
      },
      "original": {
        "owner": "meelgroup",
        "ref": "synthesis",
        "repo": "cadiback",
        "type": "github"
      }
    },
    "cadiback_6": {
      "inputs": {
        "cadical": "cadical_11",
        "nixpkgs": [
          "cryptominisat",
          "nixpkgs"
        ]
      },
      "locked": {
        "lastModified": 1757922460,
        "narHash": "sha256-sRN+pI9poTlpSdvZf2L3CBLxuC5ZLjQ+J5m3bUQG83M=",
        "owner": "meelgroup",
        "repo": "cadiback",
        "rev": "cb090f5bf43c753634ab6b00922a466cf4e7af1b",
        "type": "github"
      },
      "original": {
        "owner": "meelgroup",
        "ref": "synthesis",
        "repo": "cadiback",
        "type": "github"
      }
    },
    "cadiback_7": {
      "inputs": {
        "cadical": "cadical_13",
        "nixpkgs": [
          "ganak",
          "approxmc",
          "arjun",
          "nixpkgs"
        ]
      },
      "locked": {
        "lastModified": 1757922460,
        "narHash": "sha256-sRN+pI9poTlpSdvZf2L3CBLxuC5ZLjQ+J5m3bUQG83M=",
        "owner": "meelgroup",
        "repo": "cadiback",
        "rev": "cb090f5bf43c753634ab6b00922a466cf4e7af1b",
        "type": "github"
      },
      "original": {
        "owner": "meelgroup",
        "ref": "synthesis",
        "repo": "cadiback",
        "type": "github"
      }
    },
    "cadiback_8": {
      "inputs": {
        "cadical": "cadical_15",
        "nixpkgs": [
          "ganak",
          "approxmc",
          "arjun",
          "cryptominisat",
          "nixpkgs"
        ]
      },
      "locked": {
        "lastModified": 1757922460,
        "narHash": "sha256-sRN+pI9poTlpSdvZf2L3CBLxuC5ZLjQ+J5m3bUQG83M=",
        "owner": "meelgroup",
        "repo": "cadiback",
        "rev": "cb090f5bf43c753634ab6b00922a466cf4e7af1b",
        "type": "github"
      },
      "original": {
        "owner": "meelgroup",
        "ref": "synthesis",
        "repo": "cadiback",
        "type": "github"
      }
    },
    "cadiback_9": {
      "inputs": {
        "cadical": "cadical_17",
        "nixpkgs": [
          "ganak",
          "approxmc",
          "cryptominisat",
          "nixpkgs"
        ]
      },
      "locked": {
        "lastModified": 1757922460,
        "narHash": "sha256-sRN+pI9poTlpSdvZf2L3CBLxuC5ZLjQ+J5m3bUQG83M=",
        "owner": "meelgroup",
        "repo": "cadiback",
        "rev": "cb090f5bf43c753634ab6b00922a466cf4e7af1b",
        "type": "github"
      },
      "original": {
        "owner": "meelgroup",
        "ref": "synthesis",
        "repo": "cadiback",
        "type": "github"
      }
    },
    "cadical": {
      "inputs": {
        "nixpkgs": [
          "approxmc",
          "arjun",
          "cadiback",
          "nixpkgs"
        ]
      },
      "locked": {
        "lastModified": 1757922300,
        "narHash": "sha256-UPOj68NwQQell2tZROPOVP6H+PK37lEHj2o6topX3tA=",
        "owner": "meelgroup",
        "repo": "cadical",
        "rev": "9fdd909a08430d309fe7c8cd2bf2e7074b939eec",
        "type": "github"
      },
      "original": {
        "owner": "meelgroup",
        "ref": "add_dynamic_lib",
        "repo": "cadical",
        "type": "github"
      }
    },
    "cadical_10": {
      "inputs": {
        "nixpkgs": [
          "arjun",
          "cryptominisat",
          "nixpkgs"
        ]
      },
      "locked": {
        "lastModified": 1757922300,
        "narHash": "sha256-UPOj68NwQQell2tZROPOVP6H+PK37lEHj2o6topX3tA=",
        "owner": "meelgroup",
        "repo": "cadical",
        "rev": "9fdd909a08430d309fe7c8cd2bf2e7074b939eec",
        "type": "github"
      },
      "original": {
        "owner": "meelgroup",
        "ref": "add_dynamic_lib",
        "repo": "cadical",
        "type": "github"
      }
    },
    "cadical_11": {
      "inputs": {
        "nixpkgs": [
          "cryptominisat",
          "cadiback",
          "nixpkgs"
        ]
      },
      "locked": {
        "lastModified": 1757922300,
        "narHash": "sha256-UPOj68NwQQell2tZROPOVP6H+PK37lEHj2o6topX3tA=",
        "owner": "meelgroup",
        "repo": "cadical",
        "rev": "9fdd909a08430d309fe7c8cd2bf2e7074b939eec",
        "type": "github"
      },
      "original": {
        "owner": "meelgroup",
        "ref": "add_dynamic_lib",
        "repo": "cadical",
        "type": "github"
      }
    },
    "cadical_12": {
      "inputs": {
        "nixpkgs": [
          "cryptominisat",
          "nixpkgs"
        ]
      },
      "locked": {
        "lastModified": 1757922300,
        "narHash": "sha256-UPOj68NwQQell2tZROPOVP6H+PK37lEHj2o6topX3tA=",
        "owner": "meelgroup",
        "repo": "cadical",
        "rev": "9fdd909a08430d309fe7c8cd2bf2e7074b939eec",
        "type": "github"
      },
      "original": {
        "owner": "meelgroup",
        "ref": "add_dynamic_lib",
        "repo": "cadical",
        "type": "github"
      }
    },
    "cadical_13": {
      "inputs": {
        "nixpkgs": [
          "ganak",
          "approxmc",
          "arjun",
          "cadiback",
          "nixpkgs"
        ]
      },
      "locked": {
        "lastModified": 1757922300,
        "narHash": "sha256-UPOj68NwQQell2tZROPOVP6H+PK37lEHj2o6topX3tA=",
        "owner": "meelgroup",
        "repo": "cadical",
        "rev": "9fdd909a08430d309fe7c8cd2bf2e7074b939eec",
        "type": "github"
      },
      "original": {
        "owner": "meelgroup",
        "ref": "add_dynamic_lib",
        "repo": "cadical",
        "type": "github"
      }
    },
    "cadical_14": {
      "inputs": {
        "nixpkgs": [
          "ganak",
          "approxmc",
          "arjun",
          "nixpkgs"
        ]
      },
      "locked": {
        "lastModified": 1757922300,
        "narHash": "sha256-UPOj68NwQQell2tZROPOVP6H+PK37lEHj2o6topX3tA=",
        "owner": "meelgroup",
        "repo": "cadical",
        "rev": "9fdd909a08430d309fe7c8cd2bf2e7074b939eec",
        "type": "github"
      },
      "original": {
        "owner": "meelgroup",
        "ref": "add_dynamic_lib",
        "repo": "cadical",
        "type": "github"
      }
    },
    "cadical_15": {
      "inputs": {
        "nixpkgs": [
          "ganak",
          "approxmc",
          "arjun",
          "cryptominisat",
          "cadiback",
          "nixpkgs"
        ]
      },
      "locked": {
        "lastModified": 1757922300,
        "narHash": "sha256-UPOj68NwQQell2tZROPOVP6H+PK37lEHj2o6topX3tA=",
        "owner": "meelgroup",
        "repo": "cadical",
        "rev": "9fdd909a08430d309fe7c8cd2bf2e7074b939eec",
        "type": "github"
      },
      "original": {
        "owner": "meelgroup",
        "ref": "add_dynamic_lib",
        "repo": "cadical",
        "type": "github"
      }
    },
    "cadical_16": {
      "inputs": {
        "nixpkgs": [
          "ganak",
          "approxmc",
          "arjun",
          "cryptominisat",
          "nixpkgs"
        ]
      },
      "locked": {
        "lastModified": 1757922300,
        "narHash": "sha256-UPOj68NwQQell2tZROPOVP6H+PK37lEHj2o6topX3tA=",
        "owner": "meelgroup",
        "repo": "cadical",
        "rev": "9fdd909a08430d309fe7c8cd2bf2e7074b939eec",
        "type": "github"
      },
      "original": {
        "owner": "meelgroup",
        "ref": "add_dynamic_lib",
        "repo": "cadical",
        "type": "github"
      }
    },
    "cadical_17": {
      "inputs": {
        "nixpkgs": [
          "ganak",
          "approxmc",
          "cryptominisat",
          "cadiback",
          "nixpkgs"
        ]
      },
      "locked": {
        "lastModified": 1757922300,
        "narHash": "sha256-UPOj68NwQQell2tZROPOVP6H+PK37lEHj2o6topX3tA=",
        "owner": "meelgroup",
        "repo": "cadical",
        "rev": "9fdd909a08430d309fe7c8cd2bf2e7074b939eec",
        "type": "github"
      },
      "original": {
        "owner": "meelgroup",
        "ref": "add_dynamic_lib",
        "repo": "cadical",
        "type": "github"
      }
    },
    "cadical_18": {
      "inputs": {
        "nixpkgs": [
          "ganak",
          "approxmc",
          "cryptominisat",
          "nixpkgs"
        ]
      },
      "locked": {
        "lastModified": 1757922300,
        "narHash": "sha256-UPOj68NwQQell2tZROPOVP6H+PK37lEHj2o6topX3tA=",
        "owner": "meelgroup",
        "repo": "cadical",
        "rev": "9fdd909a08430d309fe7c8cd2bf2e7074b939eec",
        "type": "github"
      },
      "original": {
        "owner": "meelgroup",
        "ref": "add_dynamic_lib",
        "repo": "cadical",
        "type": "github"
      }
    },
    "cadical_19": {
      "inputs": {
        "nixpkgs": [
          "ganak",
          "arjun",
          "cadiback",
          "nixpkgs"
        ]
      },
      "locked": {
        "lastModified": 1757922300,
        "narHash": "sha256-UPOj68NwQQell2tZROPOVP6H+PK37lEHj2o6topX3tA=",
        "owner": "meelgroup",
        "repo": "cadical",
        "rev": "9fdd909a08430d309fe7c8cd2bf2e7074b939eec",
        "type": "github"
      },
      "original": {
        "owner": "meelgroup",
        "ref": "add_dynamic_lib",
        "repo": "cadical",
        "type": "github"
      }
    },
    "cadical_2": {
      "inputs": {
        "nixpkgs": [
          "approxmc",
          "arjun",
          "nixpkgs"
        ]
      },
      "locked": {
        "lastModified": 1757922300,
        "narHash": "sha256-UPOj68NwQQell2tZROPOVP6H+PK37lEHj2o6topX3tA=",
        "owner": "meelgroup",
        "repo": "cadical",
        "rev": "9fdd909a08430d309fe7c8cd2bf2e7074b939eec",
        "type": "github"
      },
      "original": {
        "owner": "meelgroup",
        "ref": "add_dynamic_lib",
        "repo": "cadical",
        "type": "github"
      }
    },
    "cadical_20": {
      "inputs": {
        "nixpkgs": [
          "ganak",
          "arjun",
          "nixpkgs"
        ]
      },
      "locked": {
        "lastModified": 1757922300,
        "narHash": "sha256-UPOj68NwQQell2tZROPOVP6H+PK37lEHj2o6topX3tA=",
        "owner": "meelgroup",
        "repo": "cadical",
        "rev": "9fdd909a08430d309fe7c8cd2bf2e7074b939eec",
        "type": "github"
      },
      "original": {
        "owner": "meelgroup",
        "ref": "add_dynamic_lib",
        "repo": "cadical",
        "type": "github"
      }
    },
    "cadical_21": {
      "inputs": {
        "nixpkgs": [
          "ganak",
          "arjun",
          "cryptominisat",
          "cadiback",
          "nixpkgs"
        ]
      },
      "locked": {
        "lastModified": 1757922300,
        "narHash": "sha256-UPOj68NwQQell2tZROPOVP6H+PK37lEHj2o6topX3tA=",
        "owner": "meelgroup",
        "repo": "cadical",
        "rev": "9fdd909a08430d309fe7c8cd2bf2e7074b939eec",
        "type": "github"
      },
      "original": {
        "owner": "meelgroup",
        "ref": "add_dynamic_lib",
        "repo": "cadical",
        "type": "github"
      }
    },
    "cadical_22": {
      "inputs": {
        "nixpkgs": [
          "ganak",
          "arjun",
          "cryptominisat",
          "nixpkgs"
        ]
      },
      "locked": {
        "lastModified": 1757922300,
        "narHash": "sha256-UPOj68NwQQell2tZROPOVP6H+PK37lEHj2o6topX3tA=",
        "owner": "meelgroup",
        "repo": "cadical",
        "rev": "9fdd909a08430d309fe7c8cd2bf2e7074b939eec",
        "type": "github"
      },
      "original": {
        "owner": "meelgroup",
        "ref": "add_dynamic_lib",
        "repo": "cadical",
        "type": "github"
      }
    },
    "cadical_23": {
      "inputs": {
        "nixpkgs": [
          "ganak",
          "cryptominisat",
          "cadiback",
          "nixpkgs"
        ]
      },
      "locked": {
        "lastModified": 1757922300,
        "narHash": "sha256-UPOj68NwQQell2tZROPOVP6H+PK37lEHj2o6topX3tA=",
        "owner": "meelgroup",
        "repo": "cadical",
        "rev": "9fdd909a08430d309fe7c8cd2bf2e7074b939eec",
        "type": "github"
      },
      "original": {
        "owner": "meelgroup",
        "ref": "add_dynamic_lib",
        "repo": "cadical",
        "type": "github"
      }
    },
    "cadical_24": {
      "inputs": {
        "nixpkgs": [
          "ganak",
          "cryptominisat",
          "nixpkgs"
        ]
      },
      "locked": {
        "lastModified": 1757922300,
        "narHash": "sha256-UPOj68NwQQell2tZROPOVP6H+PK37lEHj2o6topX3tA=",
        "owner": "meelgroup",
        "repo": "cadical",
        "rev": "9fdd909a08430d309fe7c8cd2bf2e7074b939eec",
        "type": "github"
      },
      "original": {
        "owner": "meelgroup",
        "ref": "add_dynamic_lib",
        "repo": "cadical",
        "type": "github"
      }
    },
    "cadical_3": {
      "inputs": {
        "nixpkgs": [
          "approxmc",
          "arjun",
          "cryptominisat",
          "cadiback",
          "nixpkgs"
        ]
      },
      "locked": {
        "lastModified": 1757922300,
        "narHash": "sha256-UPOj68NwQQell2tZROPOVP6H+PK37lEHj2o6topX3tA=",
        "owner": "meelgroup",
        "repo": "cadical",
        "rev": "9fdd909a08430d309fe7c8cd2bf2e7074b939eec",
        "type": "github"
      },
      "original": {
        "owner": "meelgroup",
        "ref": "add_dynamic_lib",
        "repo": "cadical",
        "type": "github"
      }
    },
    "cadical_4": {
      "inputs": {
        "nixpkgs": [
          "approxmc",
          "arjun",
          "cryptominisat",
          "nixpkgs"
        ]
      },
      "locked": {
        "lastModified": 1757922300,
        "narHash": "sha256-UPOj68NwQQell2tZROPOVP6H+PK37lEHj2o6topX3tA=",
        "owner": "meelgroup",
        "repo": "cadical",
        "rev": "9fdd909a08430d309fe7c8cd2bf2e7074b939eec",
        "type": "github"
      },
      "original": {
        "owner": "meelgroup",
        "ref": "add_dynamic_lib",
        "repo": "cadical",
        "type": "github"
      }
    },
    "cadical_5": {
      "inputs": {
        "nixpkgs": [
          "approxmc",
          "cryptominisat",
          "cadiback",
          "nixpkgs"
        ]
      },
      "locked": {
        "lastModified": 1757922300,
        "narHash": "sha256-UPOj68NwQQell2tZROPOVP6H+PK37lEHj2o6topX3tA=",
        "owner": "meelgroup",
        "repo": "cadical",
        "rev": "9fdd909a08430d309fe7c8cd2bf2e7074b939eec",
        "type": "github"
      },
      "original": {
        "owner": "meelgroup",
        "ref": "add_dynamic_lib",
        "repo": "cadical",
        "type": "github"
      }
    },
    "cadical_6": {
      "inputs": {
        "nixpkgs": [
          "approxmc",
          "cryptominisat",
          "nixpkgs"
        ]
      },
      "locked": {
        "lastModified": 1757922300,
        "narHash": "sha256-UPOj68NwQQell2tZROPOVP6H+PK37lEHj2o6topX3tA=",
        "owner": "meelgroup",
        "repo": "cadical",
        "rev": "9fdd909a08430d309fe7c8cd2bf2e7074b939eec",
        "type": "github"
      },
      "original": {
        "owner": "meelgroup",
        "ref": "add_dynamic_lib",
        "repo": "cadical",
        "type": "github"
      }
    },
    "cadical_7": {
      "inputs": {
        "nixpkgs": [
          "arjun",
          "cadiback",
          "nixpkgs"
        ]
      },
      "locked": {
        "lastModified": 1757922300,
        "narHash": "sha256-UPOj68NwQQell2tZROPOVP6H+PK37lEHj2o6topX3tA=",
        "owner": "meelgroup",
        "repo": "cadical",
        "rev": "9fdd909a08430d309fe7c8cd2bf2e7074b939eec",
        "type": "github"
      },
      "original": {
        "owner": "meelgroup",
        "ref": "add_dynamic_lib",
        "repo": "cadical",
        "type": "github"
      }
    },
    "cadical_8": {
      "inputs": {
        "nixpkgs": [
          "arjun",
          "nixpkgs"
        ]
      },
      "locked": {
        "lastModified": 1757922300,
        "narHash": "sha256-UPOj68NwQQell2tZROPOVP6H+PK37lEHj2o6topX3tA=",
        "owner": "meelgroup",
        "repo": "cadical",
        "rev": "9fdd909a08430d309fe7c8cd2bf2e7074b939eec",
        "type": "github"
      },
      "original": {
        "owner": "meelgroup",
        "ref": "add_dynamic_lib",
        "repo": "cadical",
        "type": "github"
      }
    },
    "cadical_9": {
      "inputs": {
        "nixpkgs": [
          "arjun",
          "cryptominisat",
          "cadiback",
          "nixpkgs"
        ]
      },
      "locked": {
        "lastModified": 1757922300,
        "narHash": "sha256-UPOj68NwQQell2tZROPOVP6H+PK37lEHj2o6topX3tA=",
        "owner": "meelgroup",
        "repo": "cadical",
        "rev": "9fdd909a08430d309fe7c8cd2bf2e7074b939eec",
        "type": "github"
      },
      "original": {
        "owner": "meelgroup",
        "ref": "add_dynamic_lib",
        "repo": "cadical",
        "type": "github"
      }
    },
    "cmsgen": {
      "flake": false,
      "locked": {
        "lastModified": 1711760184,
        "narHash": "sha256-9bFYcH3RVGtoQQJtsxdv9FUjXN24ipqGAtqRIOZyDGw=",
        "owner": "arijitsh",
        "repo": "cmsgen",
        "rev": "bad5007705c99122f7417ee585aa58bd00cfe491",
        "type": "github"
      },
      "original": {
        "owner": "arijitsh",
        "repo": "cmsgen",
        "rev": "bad5007705c99122f7417ee585aa58bd00cfe491",
        "type": "github"
      }
    },
    "cryptominisat": {
      "inputs": {
        "cadiback": "cadiback_2",
        "cadical": "cadical_4",
        "nixpkgs": [
          "approxmc",
          "arjun",
          "nixpkgs"
        ]
      },
      "locked": {
        "lastModified": 1757922729,
        "narHash": "sha256-mfK6cH5FYWIaglQFBCe5BhwtVCrG31tYhifvcAmQLlY=",
        "owner": "msoos",
        "repo": "cryptominisat",
        "rev": "f66a06e9c4ada9f85441be892d1b042ce4d9ee2e",
        "type": "github"
      },
      "original": {
        "owner": "msoos",
        "ref": "master",
        "repo": "cryptominisat",
        "type": "github"
      }
    },
    "cryptominisat_2": {
      "inputs": {
        "cadiback": "cadiback_3",
        "cadical": "cadical_6",
        "nixpkgs": [
          "approxmc",
          "nixpkgs"
        ]
      },
      "locked": {
        "lastModified": 1757922729,
        "narHash": "sha256-mfK6cH5FYWIaglQFBCe5BhwtVCrG31tYhifvcAmQLlY=",
        "owner": "msoos",
        "repo": "cryptominisat",
        "rev": "f66a06e9c4ada9f85441be892d1b042ce4d9ee2e",
        "type": "github"
      },
      "original": {
        "owner": "msoos",
        "ref": "master",
        "repo": "cryptominisat",
        "type": "github"
      }
    },
    "cryptominisat_3": {
      "inputs": {
        "cadiback": "cadiback_5",
        "cadical": "cadical_10",
        "nixpkgs": [
          "arjun",
          "nixpkgs"
        ]
      },
      "locked": {
        "lastModified": 1757922729,
        "narHash": "sha256-mfK6cH5FYWIaglQFBCe5BhwtVCrG31tYhifvcAmQLlY=",
        "owner": "msoos",
        "repo": "cryptominisat",
        "rev": "f66a06e9c4ada9f85441be892d1b042ce4d9ee2e",
        "type": "github"
      },
      "original": {
        "owner": "msoos",
        "ref": "master",
        "repo": "cryptominisat",
        "type": "github"
      }
    },
    "cryptominisat_4": {
      "inputs": {
        "cadiback": "cadiback_6",
        "cadical": "cadical_12",
        "nixpkgs": [
          "nixpkgs"
        ]
      },
      "locked": {
        "lastModified": 1757959437,
        "narHash": "sha256-LuGLHGN3IrLbuQKyU2v9kN2nzfEIr0KAY/pscLK9O70=",
        "owner": "msoos",
        "repo": "cryptominisat",
        "rev": "b09bd6bf05253adf5981e44f9dbd374b2811ff94",
        "type": "github"
      },
      "original": {
        "owner": "msoos",
        "repo": "cryptominisat",
        "rev": "b09bd6bf05253adf5981e44f9dbd374b2811ff94",
        "type": "github"
      }
    },
    "cryptominisat_5": {
      "inputs": {
        "cadiback": "cadiback_8",
        "cadical": "cadical_16",
        "nixpkgs": [
          "ganak",
          "approxmc",
          "arjun",
          "nixpkgs"
        ]
      },
      "locked": {
        "lastModified": 1757922729,
        "narHash": "sha256-mfK6cH5FYWIaglQFBCe5BhwtVCrG31tYhifvcAmQLlY=",
        "owner": "msoos",
        "repo": "cryptominisat",
        "rev": "f66a06e9c4ada9f85441be892d1b042ce4d9ee2e",
        "type": "github"
      },
      "original": {
        "owner": "msoos",
        "ref": "master",
        "repo": "cryptominisat",
        "type": "github"
      }
    },
    "cryptominisat_6": {
      "inputs": {
        "cadiback": "cadiback_9",
        "cadical": "cadical_18",
        "nixpkgs": [
          "ganak",
          "approxmc",
          "nixpkgs"
        ]
      },
      "locked": {
        "lastModified": 1757922729,
        "narHash": "sha256-mfK6cH5FYWIaglQFBCe5BhwtVCrG31tYhifvcAmQLlY=",
        "owner": "msoos",
        "repo": "cryptominisat",
        "rev": "f66a06e9c4ada9f85441be892d1b042ce4d9ee2e",
        "type": "github"
      },
      "original": {
        "owner": "msoos",
        "ref": "master",
        "repo": "cryptominisat",
        "type": "github"
      }
    },
    "cryptominisat_7": {
      "inputs": {
        "cadiback": "cadiback_11",
        "cadical": "cadical_22",
        "nixpkgs": [
          "ganak",
          "arjun",
          "nixpkgs"
        ]
      },
      "locked": {
        "lastModified": 1757922729,
        "narHash": "sha256-mfK6cH5FYWIaglQFBCe5BhwtVCrG31tYhifvcAmQLlY=",
        "owner": "msoos",
        "repo": "cryptominisat",
        "rev": "f66a06e9c4ada9f85441be892d1b042ce4d9ee2e",
        "type": "github"
      },
      "original": {
        "owner": "msoos",
        "ref": "master",
        "repo": "cryptominisat",
        "type": "github"
      }
    },
    "cryptominisat_8": {
      "inputs": {
        "cadiback": "cadiback_12",
        "cadical": "cadical_24",
        "nixpkgs": [
          "ganak",
          "nixpkgs"
        ]
      },
      "locked": {
        "lastModified": 1757922729,
        "narHash": "sha256-mfK6cH5FYWIaglQFBCe5BhwtVCrG31tYhifvcAmQLlY=",
        "owner": "msoos",
        "repo": "cryptominisat",
        "rev": "f66a06e9c4ada9f85441be892d1b042ce4d9ee2e",
        "type": "github"
      },
      "original": {
        "owner": "msoos",
        "ref": "master",
        "repo": "cryptominisat",
        "type": "github"
      }
    },
    "ganak": {
      "inputs": {
        "approxmc": "approxmc_2",
        "arjun": "arjun_4",
        "breakid": "breakid_2",
        "cryptominisat": "cryptominisat_8",
        "nixpkgs": [
          "nixpkgs"
        ],
        "sbva": "sbva_7"
      },
      "locked": {
        "lastModified": 1757961946,
        "narHash": "sha256-9u+UZ11OeVfFwpZl/M2PwMKnYyIzsRTWpQbepz6kJ+c=",
        "owner": "meelgroup",
        "repo": "ganak",
        "rev": "c060a9083e7f5477fa86b226030fc8cb32259ab1",
        "type": "github"
      },
      "original": {
        "owner": "meelgroup",
        "repo": "ganak",
        "rev": "c060a9083e7f5477fa86b226030fc8cb32259ab1",
        "type": "github"
      }
    },
    "minisat": {
      "flake": false,
      "locked": {
        "lastModified": 1675714604,
        "narHash": "sha256-AsIVLqxtM3UyMK73dMg7HVScWhntt7T+mmqMYUP1O3E=",
        "owner": "stp",
        "repo": "minisat",
        "rev": "14c78206cd12d1d36b7e042fa758747c135670a4",
        "type": "github"
      },
      "original": {
        "owner": "stp",
        "repo": "minisat",
        "rev": "14c78206cd12d1d36b7e042fa758747c135670a4",
        "type": "github"
      }
    },
    "nixpkgs": {
      "locked": {
        "lastModified": 1750811787,
        "narHash": "sha256-rD/978c35JXz6JLAzciTIOCMenPumF6zrQOj4rVZeHE=",
        "owner": "nixos",
        "repo": "nixpkgs",
        "rev": "992f916556fcfaa94451ebc7fc6e396134bbf5b1",
        "type": "github"
      },
      "original": {
        "owner": "nixos",
        "ref": "nixpkgs-unstable",
        "repo": "nixpkgs",
        "type": "github"
      }
    },
    "root": {
      "inputs": {
        "approxmc": "approxmc",
        "arjun": "arjun_2",
        "breakid": "breakid",
        "cmsgen": "cmsgen",
        "cryptominisat": "cryptominisat_4",
        "ganak": "ganak",
        "minisat": "minisat",
        "nixpkgs": "nixpkgs",
        "sbva": "sbva_8",
        "unigen": "unigen"
      }
    },
    "sbva": {
      "inputs": {
        "nixpkgs": [
          "approxmc",
          "arjun",
          "nixpkgs"
        ]
      },
      "locked": {
        "lastModified": 1750281996,
        "narHash": "sha256-/C1xwrqXpcVJZlfswEnA4APRv0l1XvKaai/IYiyXE0w=",
        "owner": "meelgroup",
        "repo": "sbva",
        "rev": "0faa08cf3cc26ed855831c9dc16a3489c9ae010f",
        "type": "github"
      },
      "original": {
        "owner": "meelgroup",
        "ref": "master",
        "repo": "sbva",
        "type": "github"
      }
    },
    "sbva_2": {
      "inputs": {
        "nixpkgs": [
          "approxmc",
          "nixpkgs"
        ]
      },
      "locked": {
        "lastModified": 1750281996,
        "narHash": "sha256-/C1xwrqXpcVJZlfswEnA4APRv0l1XvKaai/IYiyXE0w=",
        "owner": "meelgroup",
        "repo": "sbva",
        "rev": "0faa08cf3cc26ed855831c9dc16a3489c9ae010f",
        "type": "github"
      },
      "original": {
        "owner": "meelgroup",
        "ref": "master",
        "repo": "sbva",
        "type": "github"
      }
    },
    "sbva_3": {
      "inputs": {
        "nixpkgs": [
          "arjun",
          "nixpkgs"
        ]
      },
      "locked": {
        "lastModified": 1750281996,
        "narHash": "sha256-/C1xwrqXpcVJZlfswEnA4APRv0l1XvKaai/IYiyXE0w=",
        "owner": "meelgroup",
        "repo": "sbva",
        "rev": "0faa08cf3cc26ed855831c9dc16a3489c9ae010f",
        "type": "github"
      },
      "original": {
        "owner": "meelgroup",
        "ref": "master",
        "repo": "sbva",
        "type": "github"
      }
    },
    "sbva_4": {
      "inputs": {
        "nixpkgs": [
          "ganak",
          "approxmc",
          "arjun",
          "nixpkgs"
        ]
      },
      "locked": {
        "lastModified": 1750281996,
        "narHash": "sha256-/C1xwrqXpcVJZlfswEnA4APRv0l1XvKaai/IYiyXE0w=",
        "owner": "meelgroup",
        "repo": "sbva",
        "rev": "0faa08cf3cc26ed855831c9dc16a3489c9ae010f",
        "type": "github"
      },
      "original": {
        "owner": "meelgroup",
        "ref": "master",
        "repo": "sbva",
        "type": "github"
      }
    },
    "sbva_5": {
      "inputs": {
        "nixpkgs": [
          "ganak",
          "approxmc",
          "nixpkgs"
        ]
      },
      "locked": {
        "lastModified": 1750281996,
        "narHash": "sha256-/C1xwrqXpcVJZlfswEnA4APRv0l1XvKaai/IYiyXE0w=",
        "owner": "meelgroup",
        "repo": "sbva",
        "rev": "0faa08cf3cc26ed855831c9dc16a3489c9ae010f",
        "type": "github"
      },
      "original": {
        "owner": "meelgroup",
        "ref": "master",
        "repo": "sbva",
        "type": "github"
      }
    },
    "sbva_6": {
      "inputs": {
        "nixpkgs": [
          "ganak",
          "arjun",
          "nixpkgs"
        ]
      },
      "locked": {
        "lastModified": 1750281996,
        "narHash": "sha256-/C1xwrqXpcVJZlfswEnA4APRv0l1XvKaai/IYiyXE0w=",
        "owner": "meelgroup",
        "repo": "sbva",
        "rev": "0faa08cf3cc26ed855831c9dc16a3489c9ae010f",
        "type": "github"
      },
      "original": {
        "owner": "meelgroup",
        "ref": "master",
        "repo": "sbva",
        "type": "github"
      }
    },
    "sbva_7": {
      "inputs": {
        "nixpkgs": [
          "ganak",
          "nixpkgs"
        ]
      },
      "locked": {
        "lastModified": 1750281996,
        "narHash": "sha256-/C1xwrqXpcVJZlfswEnA4APRv0l1XvKaai/IYiyXE0w=",
        "owner": "meelgroup",
        "repo": "sbva",
        "rev": "0faa08cf3cc26ed855831c9dc16a3489c9ae010f",
        "type": "github"
      },
      "original": {
        "owner": "meelgroup",
        "ref": "master",
        "repo": "sbva",
        "type": "github"
      }
    },
    "sbva_8": {
      "inputs": {
        "nixpkgs": [
          "nixpkgs"
        ]
      },
      "locked": {
        "lastModified": 1750281996,
        "narHash": "sha256-/C1xwrqXpcVJZlfswEnA4APRv0l1XvKaai/IYiyXE0w=",
        "owner": "meelgroup",
        "repo": "sbva",
        "rev": "0faa08cf3cc26ed855831c9dc16a3489c9ae010f",
        "type": "github"
      },
      "original": {
        "owner": "meelgroup",
        "repo": "sbva",
        "rev": "0faa08cf3cc26ed855831c9dc16a3489c9ae010f",
        "type": "github"
      }
    },
    "unigen": {
      "flake": false,
      "locked": {
        "lastModified": 1753350000,
        "narHash": "sha256-tHMr/RFnT8fkg+yqJACtK/+Msw1/WLQ6VmkgX8GfgN4=",
        "owner": "meelgroup",
        "repo": "unigen",
        "rev": "c6823b3aa5cc37335f018eabcc9cc27790519d41",
        "type": "github"
      },
      "original": {
        "owner": "meelgroup",
        "repo": "unigen",
        "rev": "c6823b3aa5cc37335f018eabcc9cc27790519d41",
        "type": "github"
      }
    }
  },
  "root": "root",
  "version": 7
}
